
Microsoft Visual Studio Solution File, Format Version 12.00
# Visual Studio 15
VisualStudioVersion = 15.0.28010.2036
MinimumVisualStudioVersion = 10.0.40219.1
Project("{FAE04EC0-301F-11D3-BF4B-00C04F79EFBC}") = "FileReverser", "FileReverser\FileReverser.csproj", "{4A9D5D0D-F60D-4860-9FEC-4A8C133FD840}"
EndProject
Global
	GlobalSection(SolutionConfigurationPlatforms) = preSolution
		Debug|Any CPU = Debug|Any CPU
		Release|Any CPU = Release|Any CPU
	EndGlobalSection
	GlobalSection(ProjectConfigurationPlatforms) = postSolution
		{4A9D5D0D-F60D-4860-9FEC-4A8C133FD840}.Debug|Any CPU.ActiveCfg = Debug|Any CPU
		{4A9D5D0D-F60D-4860-9FEC-4A8C133FD840}.Debug|Any CPU.Build.0 = Debug|Any CPU
		{4A9D5D0D-F60D-4860-9FEC-4A8C133FD840}.Release|Any CPU.ActiveCfg = Release|Any CPU
		{4A9D5D0D-F60D-4860-9FEC-4A8C133FD840}.Release|Any CPU.Build.0 = Release|Any CPU
	EndGlobalSection
	GlobalSection(SolutionProperties) = preSolution
		HideSolutionNode = FALSE
	EndGlobalSection
	GlobalSection(ExtensibilityGlobals) = postSolution
		SolutionGuid = {C395FF6A-8E7F-42C8-8340-E928E07E52EF}
	EndGlobalSection
EndGlobal
